{
  "pins" : [
    {
      "identity" : "pkhud",
      "kind" : "remoteSourceControl",
      "location" : "https://github.com/pkluz/PKHUD",
      "state" : {
        "revision" : "8fd26f23057c6bebd6695524b1c3e05e93aba571",
        "version" : "5.4.0"
      }
    },
    {
      "identity" : "reactivecocoa",
      "kind" : "remoteSourceControl",
      "location" : "https://github.com/ReactiveCocoa/ReactiveCocoa",
      "state" : {
        "branch" : "master",
        "revision" : "1b014240bad02886b6954796f949765e34327212"
      }
    },
    {
      "identity" : "reactiveswift",
      "kind" : "remoteSourceControl",
      "location" : "https://github.com/ReactiveCocoa/ReactiveSwift",
      "state" : {
        "revision" : "40c465af19b993344e84355c00669ba2022ca3cd",
        "version" : "7.1.1"
      }
    },
    {
      "identity" : "realm-core",
      "kind" : "remoteSourceControl",
      "location" : "https://github.com/realm/realm-core.git",
      "state" : {
        "revision" : "e836317e8238bd32f06086dd7ce6768ef574beb6",
        "version" : "13.22.0"
      }
    },
    {
      "identity" : "realm-swift",
      "kind" : "remoteSourceControl",
      "location" : "https://github.com/realm/realm-swift",
      "state" : {
        "revision" : "8249489f28d36f9f37ed076c95029059c60b556d",
        "version" : "10.43.0"
      }
    },
    {
      "identity" : "swiftrater",
      "kind" : "remoteSourceControl",
      "location" : "https://github.com/takecian/SwiftRater",
      "state" : {
        "revision" : "3002392aab212ab5e68c80ba9f8d5c0ef035c260",
        "version" : "1.9.1"
      }
    },
    {
      "identity" : "uicolor-hex-swift",
      "kind" : "remoteSourceControl",
      "location" : "https://github.com/yeahdongcn/UIColor-Hex-Swift",
      "state" : {
        "revision" : "f37f97bc1a5b545b39ab5330e133e56fa4f38cff",
        "version" : "5.1.9"
      }
    }
  ],
  "version" : 2
}
