{
  "object": {
    "pins": [
      {
        "package": "PKHUD",
        "repositoryURL": "https://github.com/pkluz/PKHUD",
        "state": {
          "branch": null,
          "revision": "8fd26f23057c6bebd6695524b1c3e05e93aba571",
          "version": "5.4.0"
        }
      },
      {
        "package": "ReactiveCocoa",
        "repositoryURL": "https://github.com/ReactiveCocoa/ReactiveCocoa",
        "state": {
          "branch": "master",
          "revision": "8a5b07b18c6abb8e12fb845bf742675dc4914ed8",
          "version": null
        }
      },
      {
        "package": "ReactiveSwift",
        "repositoryURL": "https://github.com/ReactiveCocoa/ReactiveSwift",
        "state": {
          "branch": null,
          "revision": "efb2f0a6f6c8739cce8fb14148a5bd3c83f2f91d",
          "version": "7.0.0"
        }
      },
      {
        "package": "RealmDatabase",
        "repositoryURL": "https://github.com/realm/realm-core",
        "state": {
          "branch": null,
          "revision": "6b81f1a7a2d421f9e0b9e7f04e76bcf736a54409",
          "version": "11.9.0"
        }
      },
      {
        "package": "Realm",
        "repositoryURL": "https://github.com/realm/realm-swift",
        "state": {
          "branch": null,
          "revision": "9dff9f2862240d521ad6ad599541269177ddb993",
          "version": "10.22.0"
        }
      },
      {
        "package": "SwiftRater",
        "repositoryURL": "https://github.com/takecian/SwiftRater",
        "state": {
          "branch": null,
          "revision": "3002392aab212ab5e68c80ba9f8d5c0ef035c260",
          "version": "1.9.1"
        }
      },
      {
        "package": "UIColorHexSwift",
        "repositoryURL": "https://github.com/yeahdongcn/UIColor-Hex-Swift",
        "state": {
          "branch": null,
          "revision": "304ae671f4db4208a13999bbe026b1869ad614de",
          "version": "5.1.7"
        }
      }
    ]
  },
  "version": 1
}
